# THIS IS AN AUTOGENERATED FILE. DO NOT EDIT THIS FILE DIRECTLY.
# yarn lockfile v1


"@types/maxmsp@^1.0.11":
  version "1.0.11"
  resolved "https://registry.yarnpkg.com/@types/maxmsp/-/maxmsp-1.0.11.tgz#17b4cf53750fe27395f65ca48865af443276227d"
  integrity sha512-LtOgDufOJ+GYUoHz5PCtXYoR0DwieV5J6PEopClUSksuOvcsTjCuB+d7gapQjOwPGiFvlSpa7alMuy49u+fqSQ==

typescript@^5.5.4:
  version "5.5.4"
  resolved "https://registry.yarnpkg.com/typescript/-/typescript-5.5.4.tgz#d9852d6c82bad2d2eda4fd74a5762a8f5909e9ba"
  integrity sha512-Mtq29sKDAEYP7aljRgtPOpTvOfbwRWlS6dPRzwjdE+C0R4brX/GUyhHSecbHMFLNBLcJIPt9nl9yG5TZ1weH+Q==
